
Microsoft Visual Studio Solution File, Format Version 12.00
# Visual Studio 15
VisualStudioVersion = 15.0.28307.1758
MinimumVisualStudioVersion = 10.0.40219.1
Project("{FAE04EC0-301F-11D3-BF4B-00C04F79EFBC}") = "Knight Offline", "Knight Offline\Knight Offline.csproj", "{640FDB83-3A9B-4F1E-8843-E65ADD365CAE}"
EndProject
Global
	GlobalSection(SolutionConfigurationPlatforms) = preSolution
		Debug|Any CPU = Debug|Any CPU
		Release|Any CPU = Release|Any CPU
	EndGlobalSection
	GlobalSection(ProjectConfigurationPlatforms) = postSolution
		{640FDB83-3A9B-4F1E-8843-E65ADD365CAE}.Debug|Any CPU.ActiveCfg = Debug|Any CPU
		{640FDB83-3A9B-4F1E-8843-E65ADD365CAE}.Debug|Any CPU.Build.0 = Debug|Any CPU
		{640FDB83-3A9B-4F1E-8843-E65ADD365CAE}.Release|Any CPU.ActiveCfg = Release|Any CPU
		{640FDB83-3A9B-4F1E-8843-E65ADD365CAE}.Release|Any CPU.Build.0 = Release|Any CPU
	EndGlobalSection
	GlobalSection(SolutionProperties) = preSolution
		HideSolutionNode = FALSE
	EndGlobalSection
	GlobalSection(ExtensibilityGlobals) = postSolution
		SolutionGuid = {9E60771D-5329-4C8E-9415-D186E50B8BE1}
	EndGlobalSection
EndGlobal
